<?xml version="1.0" encoding="utf-8"?>
<Project ToolsVersion="4.0" xmlns="http://schemas.microsoft.com/developer/msbuild/2003">
  <ItemGroup>
    <Filter Include="deps">
      <UniqueIdentifier>{a0f1714a-2865-4e08-bc31-52dcc78716cd}</UniqueIdentifier>
    </Filter>
    <Filter Include="src">
      <UniqueIdentifier>{7670f24a-f56a-4627-9118-16ab83899005}</UniqueIdentifier>
    </Filter>
    <Filter Include="include">
      <UniqueIdentifier>{f5e5275e-6e31-4a61-b5f1-8193d392d3d2}</UniqueIdentifier>
    </Filter>
    <Filter Include="deps\glad">
      <UniqueIdentifier>{e8c7202d-553a-4f1f-ad03-725325d9d7f5}</UniqueIdentifier>
    </Filter>
    <Filter Include="deps\ImGui">
      <UniqueIdentifier>{9f93b08e-0394-4c6c-a6ac-7cf654d02418}</UniqueIdentifier>
    </Filter>
    <Filter Include="deps\KHR">
      <UniqueIdentifier>{d814030a-89ca-4dfe-89ee-a2a5a9b07054}</UniqueIdentifier>
    </Filter>
  </ItemGroup>
  <ItemGroup>
    <ClCompile Include="src\Main.cpp">
      <Filter>src</Filter>
    </ClCompile>
    <ClCompile Include="deps\glad\glad.c">
      <Filter>deps\glad</Filter>
    </ClCompile>
    <ClCompile Include="deps\ImGui\imgui_draw.cpp">
      <Filter>deps\ImGui</Filter>
    </ClCompile>
    <ClCompile Include="deps\ImGui\imgui_impl_opengl3.cpp">
      <Filter>deps\ImGui</Filter>
    </ClCompile>
    <ClCompile Include="deps\ImGui\imgui_impl_sdl.cpp">
      <Filter>deps\ImGui</Filter>
    </ClCompile>
    <ClCompile Include="deps\ImGui\imgui_widgets.cpp">
      <Filter>deps\ImGui</Filter>
    </ClCompile>
    <ClCompile Include="deps\ImGui\imgui.cpp">
      <Filter>deps\ImGui</Filter>
    </ClCompile>
    <ClCompile Include="deps\ImGui\imgui_demo.cpp">
      <Filter>deps\ImGui</Filter>
    </ClCompile>
    <ClCompile Include="src\MainUI.cpp">
      <Filter>src</Filter>
    </ClCompile>
    <ClCompile Include="src\Common.cpp">
      <Filter>src</Filter>
    </ClCompile>
    <ClCompile Include="deps\ImGui\imgui_stdlib.cpp">
      <Filter>deps\ImGui</Filter>
    </ClCompile>
  </ItemGroup>
  <ItemGroup>
    <ClInclude Include="deps\glad\glad.h">
      <Filter>deps\glad</Filter>
    </ClInclude>
    <ClInclude Include="deps\ImGui\imgui_impl_opengl3.h">
      <Filter>deps\ImGui</Filter>
    </ClInclude>
    <ClInclude Include="deps\ImGui\imgui_impl_sdl.h">
      <Filter>deps\ImGui</Filter>
    </ClInclude>
    <ClInclude Include="deps\ImGui\imgui_internal.h">
      <Filter>deps\ImGui</Filter>
    </ClInclude>
    <ClInclude Include="deps\ImGui\imstb_rectpack.h">
      <Filter>deps\ImGui</Filter>
    </ClInclude>
    <ClInclude Include="deps\ImGui\imstb_textedit.h">
      <Filter>deps\ImGui</Filter>
    </ClInclude>
    <ClInclude Include="deps\ImGui\imstb_truetype.h">
      <Filter>deps\ImGui</Filter>
    </ClInclude>
    <ClInclude Include="deps\ImGui\imconfig.h">
      <Filter>deps\ImGui</Filter>
    </ClInclude>
    <ClInclude Include="deps\ImGui\imgui.h">
      <Filter>deps\ImGui</Filter>
    </ClInclude>
    <ClInclude Include="deps\KHR\khrplatform.h">
      <Filter>deps\KHR</Filter>
    </ClInclude>
    <ClInclude Include="include\MainUI.h">
      <Filter>include</Filter>
    </ClInclude>
    <ClInclude Include="include\Common.h">
      <Filter>include</Filter>
    </ClInclude>
    <ClInclude Include="deps\ImGui\imgui_stdlib.h">
      <Filter>deps\ImGui</Filter>
    </ClInclude>
  </ItemGroup>
</Project>